
Microsoft Visual Studio Solution File, Format Version 12.00
# Visual Studio 15
VisualStudioVersion = 15.0.27130.2003
MinimumVisualStudioVersion = 10.0.40219.1
Project("{FAE04EC0-301F-11D3-BF4B-00C04F79EFBC}") = "Code", "Code\Code.csproj", "{2B7D4029-91AE-426A-B670-11FA44FA307C}"
EndProject
Project("{2150E333-8FDC-42A3-9474-1A3956D46DE8}") = "SharedReferences", "SharedReferences", "{37AF0B62-DB93-4457-BA03-A6C3982E1377}"
	ProjectSection(SolutionItems) = preProject
		SharedReferences\Autofac.dll = SharedReferences\Autofac.dll
		SharedReferences\Newtonsoft.Json.dll = SharedReferences\Newtonsoft.Json.dll
	EndProjectSection
EndProject
Project("{FAE04EC0-301F-11D3-BF4B-00C04F79EFBC}") = "WorkflowActivity", "WorkflowActivity\WorkflowActivity.csproj", "{5C278C88-F2F7-4558-89F7-DB4831B46279}"
EndProject
Project("{FAE04EC0-301F-11D3-BF4B-00C04F79EFBC}") = "Tests", "Tests\Tests.csproj", "{155CA3B4-84B9-4316-B421-82907DBB5295}"
EndProject
Project("{FAE04EC0-301F-11D3-BF4B-00C04F79EFBC}") = "SharePoint", "SharePoint\SharePoint.csproj", "{32C6C84B-1D51-4748-94F3-FB572A803760}"
EndProject
Global
	GlobalSection(SolutionConfigurationPlatforms) = preSolution
		Debug|Any CPU = Debug|Any CPU
		Release|Any CPU = Release|Any CPU
	EndGlobalSection
	GlobalSection(ProjectConfigurationPlatforms) = postSolution
		{2B7D4029-91AE-426A-B670-11FA44FA307C}.Debug|Any CPU.ActiveCfg = Debug|Any CPU
		{2B7D4029-91AE-426A-B670-11FA44FA307C}.Debug|Any CPU.Build.0 = Debug|Any CPU
		{2B7D4029-91AE-426A-B670-11FA44FA307C}.Release|Any CPU.ActiveCfg = Release|Any CPU
		{2B7D4029-91AE-426A-B670-11FA44FA307C}.Release|Any CPU.Build.0 = Release|Any CPU
		{5C278C88-F2F7-4558-89F7-DB4831B46279}.Debug|Any CPU.ActiveCfg = Debug|Any CPU
		{5C278C88-F2F7-4558-89F7-DB4831B46279}.Debug|Any CPU.Build.0 = Debug|Any CPU
		{5C278C88-F2F7-4558-89F7-DB4831B46279}.Release|Any CPU.ActiveCfg = Release|Any CPU
		{5C278C88-F2F7-4558-89F7-DB4831B46279}.Release|Any CPU.Build.0 = Release|Any CPU
		{155CA3B4-84B9-4316-B421-82907DBB5295}.Debug|Any CPU.ActiveCfg = Debug|Any CPU
		{155CA3B4-84B9-4316-B421-82907DBB5295}.Debug|Any CPU.Build.0 = Debug|Any CPU
		{155CA3B4-84B9-4316-B421-82907DBB5295}.Release|Any CPU.ActiveCfg = Release|Any CPU
		{155CA3B4-84B9-4316-B421-82907DBB5295}.Release|Any CPU.Build.0 = Release|Any CPU
		{32C6C84B-1D51-4748-94F3-FB572A803760}.Debug|Any CPU.ActiveCfg = Debug|Any CPU
		{32C6C84B-1D51-4748-94F3-FB572A803760}.Debug|Any CPU.Build.0 = Debug|Any CPU
		{32C6C84B-1D51-4748-94F3-FB572A803760}.Debug|Any CPU.Deploy.0 = Debug|Any CPU
		{32C6C84B-1D51-4748-94F3-FB572A803760}.Release|Any CPU.ActiveCfg = Release|Any CPU
		{32C6C84B-1D51-4748-94F3-FB572A803760}.Release|Any CPU.Build.0 = Release|Any CPU
		{32C6C84B-1D51-4748-94F3-FB572A803760}.Release|Any CPU.Deploy.0 = Release|Any CPU
	EndGlobalSection
	GlobalSection(SolutionProperties) = preSolution
		HideSolutionNode = FALSE
	EndGlobalSection
	GlobalSection(ExtensibilityGlobals) = postSolution
		SolutionGuid = {109321A9-1144-47AB-9ADD-0CE9B80ED7F8}
	EndGlobalSection
EndGlobal
